
Microsoft Visual Studio Solution File, Format Version 12.00
# Visual Studio Version 17
VisualStudioVersion = 17.5.33530.505
MinimumVisualStudioVersion = 10.0.40219.1
Project("{9A19103F-16F7-4668-BE54-9A1E7A4F7556}") = "smallApartment", "smallApartment.csproj", "{089D3631-103C-4B9A-84C4-6AEDEB960AAF}"
EndProject
Global
	GlobalSection(SolutionConfigurationPlatforms) = preSolution
		Debug|Any CPU = Debug|Any CPU
		Release|Any CPU = Release|Any CPU
	EndGlobalSection
	GlobalSection(ProjectConfigurationPlatforms) = postSolution
		{089D3631-103C-4B9A-84C4-6AEDEB960AAF}.Debug|Any CPU.ActiveCfg = Debug|Any CPU
		{089D3631-103C-4B9A-84C4-6AEDEB960AAF}.Debug|Any CPU.Build.0 = Debug|Any CPU
		{089D3631-103C-4B9A-84C4-6AEDEB960AAF}.Release|Any CPU.ActiveCfg = Release|Any CPU
		{089D3631-103C-4B9A-84C4-6AEDEB960AAF}.Release|Any CPU.Build.0 = Release|Any CPU
	EndGlobalSection
	GlobalSection(SolutionProperties) = preSolution
		HideSolutionNode = FALSE
	EndGlobalSection
	GlobalSection(ExtensibilityGlobals) = postSolution
		SolutionGuid = {8157DEF8-04EC-440B-8B4A-6B10D18B2CD8}
	EndGlobalSection
EndGlobal
