
Microsoft Visual Studio Solution File, Format Version 12.00
# Visual Studio Version 17
VisualStudioVersion = 17.5.33530.505
MinimumVisualStudioVersion = 10.0.40219.1
Project("{FAE04EC0-301F-11D3-BF4B-00C04F79EFBC}") = "Date format", "Date format.csproj", "{FE8CD764-1D21-405B-BD91-E4564B907C97}"
EndProject
Global
	GlobalSection(SolutionConfigurationPlatforms) = preSolution
		Debug|Any CPU = Debug|Any CPU
		Release|Any CPU = Release|Any CPU
	EndGlobalSection
	GlobalSection(ProjectConfigurationPlatforms) = postSolution
		{FE8CD764-1D21-405B-BD91-E4564B907C97}.Debug|Any CPU.ActiveCfg = Debug|Any CPU
		{FE8CD764-1D21-405B-BD91-E4564B907C97}.Debug|Any CPU.Build.0 = Debug|Any CPU
		{FE8CD764-1D21-405B-BD91-E4564B907C97}.Release|Any CPU.ActiveCfg = Release|Any CPU
		{FE8CD764-1D21-405B-BD91-E4564B907C97}.Release|Any CPU.Build.0 = Release|Any CPU
	EndGlobalSection
	GlobalSection(SolutionProperties) = preSolution
		HideSolutionNode = FALSE
	EndGlobalSection
	GlobalSection(ExtensibilityGlobals) = postSolution
		SolutionGuid = {D0799932-3600-4B7B-AF3C-D51C2712A24A}
	EndGlobalSection
EndGlobal
