
Microsoft Visual Studio Solution File, Format Version 12.00
# Visual Studio Version 17
VisualStudioVersion = 17.5.33530.505
MinimumVisualStudioVersion = 10.0.40219.1
Project("{FAE04EC0-301F-11D3-BF4B-00C04F79EFBC}") = "database connection", "database connection.csproj", "{A55C07CA-98FE-4662-844D-D30F63039756}"
EndProject
Global
	GlobalSection(SolutionConfigurationPlatforms) = preSolution
		Debug|Any CPU = Debug|Any CPU
		Release|Any CPU = Release|Any CPU
	EndGlobalSection
	GlobalSection(ProjectConfigurationPlatforms) = postSolution
		{A55C07CA-98FE-4662-844D-D30F63039756}.Debug|Any CPU.ActiveCfg = Debug|Any CPU
		{A55C07CA-98FE-4662-844D-D30F63039756}.Debug|Any CPU.Build.0 = Debug|Any CPU
		{A55C07CA-98FE-4662-844D-D30F63039756}.Release|Any CPU.ActiveCfg = Release|Any CPU
		{A55C07CA-98FE-4662-844D-D30F63039756}.Release|Any CPU.Build.0 = Release|Any CPU
	EndGlobalSection
	GlobalSection(SolutionProperties) = preSolution
		HideSolutionNode = FALSE
	EndGlobalSection
	GlobalSection(ExtensibilityGlobals) = postSolution
		SolutionGuid = {7F742A75-C8C2-417F-9186-1BC77AD4C5CB}
	EndGlobalSection
EndGlobal
