
Microsoft Visual Studio Solution File, Format Version 12.00
# Visual Studio Version 17
VisualStudioVersion = 17.5.33530.505
MinimumVisualStudioVersion = 10.0.40219.1
Project("{FAE04EC0-301F-11D3-BF4B-00C04F79EFBC}") = "Consecutive-numbers", "Consecutive-numbers.csproj", "{5B0FBE7D-D6C5-4FAC-A53A-60E7020F58CC}"
EndProject
Global
	GlobalSection(SolutionConfigurationPlatforms) = preSolution
		Debug|Any CPU = Debug|Any CPU
		Release|Any CPU = Release|Any CPU
	EndGlobalSection
	GlobalSection(ProjectConfigurationPlatforms) = postSolution
		{5B0FBE7D-D6C5-4FAC-A53A-60E7020F58CC}.Debug|Any CPU.ActiveCfg = Debug|Any CPU
		{5B0FBE7D-D6C5-4FAC-A53A-60E7020F58CC}.Debug|Any CPU.Build.0 = Debug|Any CPU
		{5B0FBE7D-D6C5-4FAC-A53A-60E7020F58CC}.Release|Any CPU.ActiveCfg = Release|Any CPU
		{5B0FBE7D-D6C5-4FAC-A53A-60E7020F58CC}.Release|Any CPU.Build.0 = Release|Any CPU
	EndGlobalSection
	GlobalSection(SolutionProperties) = preSolution
		HideSolutionNode = FALSE
	EndGlobalSection
	GlobalSection(ExtensibilityGlobals) = postSolution
		SolutionGuid = {FB899996-4FC0-4EA7-AAC6-2F66E34C23F8}
	EndGlobalSection
EndGlobal
