
Microsoft Visual Studio Solution File, Format Version 12.00
# Visual Studio Version 17
VisualStudioVersion = 17.5.33530.505
MinimumVisualStudioVersion = 10.0.40219.1
Project("{FAE04EC0-301F-11D3-BF4B-00C04F79EFBC}") = "Prime checker", "Prime checker.csproj", "{BFAAE17E-D872-441A-BF57-1D1B9223F7D1}"
EndProject
Global
	GlobalSection(SolutionConfigurationPlatforms) = preSolution
		Debug|Any CPU = Debug|Any CPU
		Release|Any CPU = Release|Any CPU
	EndGlobalSection
	GlobalSection(ProjectConfigurationPlatforms) = postSolution
		{BFAAE17E-D872-441A-BF57-1D1B9223F7D1}.Debug|Any CPU.ActiveCfg = Debug|Any CPU
		{BFAAE17E-D872-441A-BF57-1D1B9223F7D1}.Debug|Any CPU.Build.0 = Debug|Any CPU
		{BFAAE17E-D872-441A-BF57-1D1B9223F7D1}.Release|Any CPU.ActiveCfg = Release|Any CPU
		{BFAAE17E-D872-441A-BF57-1D1B9223F7D1}.Release|Any CPU.Build.0 = Release|Any CPU
	EndGlobalSection
	GlobalSection(SolutionProperties) = preSolution
		HideSolutionNode = FALSE
	EndGlobalSection
	GlobalSection(ExtensibilityGlobals) = postSolution
		SolutionGuid = {ABA399C0-2F31-422C-B048-609A09AC3796}
	EndGlobalSection
EndGlobal
