
Microsoft Visual Studio Solution File, Format Version 12.00
# Visual Studio Version 17
VisualStudioVersion = 17.5.33530.505
MinimumVisualStudioVersion = 10.0.40219.1
Project("{FAE04EC0-301F-11D3-BF4B-00C04F79EFBC}") = "conditional-statements", "conditional-statements.csproj", "{FF0BE485-E1EE-4A27-8081-0BA5D8E3E0B9}"
EndProject
Global
	GlobalSection(SolutionConfigurationPlatforms) = preSolution
		Debug|Any CPU = Debug|Any CPU
		Release|Any CPU = Release|Any CPU
	EndGlobalSection
	GlobalSection(ProjectConfigurationPlatforms) = postSolution
		{FF0BE485-E1EE-4A27-8081-0BA5D8E3E0B9}.Debug|Any CPU.ActiveCfg = Debug|Any CPU
		{FF0BE485-E1EE-4A27-8081-0BA5D8E3E0B9}.Debug|Any CPU.Build.0 = Debug|Any CPU
		{FF0BE485-E1EE-4A27-8081-0BA5D8E3E0B9}.Release|Any CPU.ActiveCfg = Release|Any CPU
		{FF0BE485-E1EE-4A27-8081-0BA5D8E3E0B9}.Release|Any CPU.Build.0 = Release|Any CPU
	EndGlobalSection
	GlobalSection(SolutionProperties) = preSolution
		HideSolutionNode = FALSE
	EndGlobalSection
	GlobalSection(ExtensibilityGlobals) = postSolution
		SolutionGuid = {20F2AE10-12C2-45D6-ACCC-32A4B553BBC4}
	EndGlobalSection
EndGlobal
