
Microsoft Visual Studio Solution File, Format Version 12.00
# Visual Studio Version 17
VisualStudioVersion = 17.5.33530.505
MinimumVisualStudioVersion = 10.0.40219.1
Project("{FAE04EC0-301F-11D3-BF4B-00C04F79EFBC}") = "stopwatch", "stopwatch.csproj", "{5B023BBE-9B34-44F6-A1BC-D1EA11F6C8AE}"
EndProject
Global
	GlobalSection(SolutionConfigurationPlatforms) = preSolution
		Debug|Any CPU = Debug|Any CPU
		Release|Any CPU = Release|Any CPU
	EndGlobalSection
	GlobalSection(ProjectConfigurationPlatforms) = postSolution
		{5B023BBE-9B34-44F6-A1BC-D1EA11F6C8AE}.Debug|Any CPU.ActiveCfg = Debug|Any CPU
		{5B023BBE-9B34-44F6-A1BC-D1EA11F6C8AE}.Debug|Any CPU.Build.0 = Debug|Any CPU
		{5B023BBE-9B34-44F6-A1BC-D1EA11F6C8AE}.Release|Any CPU.ActiveCfg = Release|Any CPU
		{5B023BBE-9B34-44F6-A1BC-D1EA11F6C8AE}.Release|Any CPU.Build.0 = Release|Any CPU
	EndGlobalSection
	GlobalSection(SolutionProperties) = preSolution
		HideSolutionNode = FALSE
	EndGlobalSection
	GlobalSection(ExtensibilityGlobals) = postSolution
		SolutionGuid = {7E70F867-6AAC-4360-8380-F98BE4A6BED1}
	EndGlobalSection
EndGlobal
